
Microsoft Visual Studio Solution File, Format Version 12.00
# Visual Studio Version 17
VisualStudioVersion = 17.2.32630.192
MinimumVisualStudioVersion = 10.0.40219.1
Project("{8BC9CEB8-8B4A-11D0-8D11-00A0C91BC942}") = "SFTProject", "SFTProject.vcxproj", "{BCF7603F-D874-4DB6-9F64-EAB6145033BA}"
EndProject
Project("{8BC9CEB8-8B4A-11D0-8D11-00A0C91BC942}") = "UnitTester", "..\UnitTester\UnitTester.vcxproj", "{831B58CE-F61A-43DB-8995-D3D974E336CF}"
EndProject
Global
	GlobalSection(SolutionConfigurationPlatforms) = preSolution
		Debug|x64 = Debug|x64
		Debug|x86 = Debug|x86
		Release|x64 = Release|x64
		Release|x86 = Release|x86
	EndGlobalSection
	GlobalSection(ProjectConfigurationPlatforms) = postSolution
		{BCF7603F-D874-4DB6-9F64-EAB6145033BA}.Debug|x64.ActiveCfg = Debug|x64
		{BCF7603F-D874-4DB6-9F64-EAB6145033BA}.Debug|x64.Build.0 = Debug|x64
		{BCF7603F-D874-4DB6-9F64-EAB6145033BA}.Debug|x86.ActiveCfg = Debug|Win32
		{BCF7603F-D874-4DB6-9F64-EAB6145033BA}.Debug|x86.Build.0 = Debug|Win32
		{BCF7603F-D874-4DB6-9F64-EAB6145033BA}.Release|x64.ActiveCfg = Release|x64
		{BCF7603F-D874-4DB6-9F64-EAB6145033BA}.Release|x64.Build.0 = Release|x64
		{BCF7603F-D874-4DB6-9F64-EAB6145033BA}.Release|x86.ActiveCfg = Release|Win32
		{BCF7603F-D874-4DB6-9F64-EAB6145033BA}.Release|x86.Build.0 = Release|Win32
		{831B58CE-F61A-43DB-8995-D3D974E336CF}.Debug|x64.ActiveCfg = Debug|x64
		{831B58CE-F61A-43DB-8995-D3D974E336CF}.Debug|x64.Build.0 = Debug|x64
		{831B58CE-F61A-43DB-8995-D3D974E336CF}.Debug|x86.ActiveCfg = Debug|Win32
		{831B58CE-F61A-43DB-8995-D3D974E336CF}.Debug|x86.Build.0 = Debug|Win32
		{831B58CE-F61A-43DB-8995-D3D974E336CF}.Release|x64.ActiveCfg = Release|x64
		{831B58CE-F61A-43DB-8995-D3D974E336CF}.Release|x64.Build.0 = Release|x64
		{831B58CE-F61A-43DB-8995-D3D974E336CF}.Release|x86.ActiveCfg = Release|Win32
		{831B58CE-F61A-43DB-8995-D3D974E336CF}.Release|x86.Build.0 = Release|Win32
	EndGlobalSection
	GlobalSection(SolutionProperties) = preSolution
		HideSolutionNode = FALSE
	EndGlobalSection
	GlobalSection(ExtensibilityGlobals) = postSolution
		SolutionGuid = {267D35CD-CD4E-4A67-962A-5D7E9A79A6F3}
	EndGlobalSection
EndGlobal
